{
  "requires": true,
  "lockfileVersion": 1,
  "dependencies": {
    "vue-router": {
      "version": "3.3.4",
      "resolved": "https://registry.npmjs.org/vue-router/-/vue-router-3.3.4.tgz",
      "integrity": "sha512-SdKRBeoXUjaZ9R/8AyxsdTqkOfMcI5tWxPZOUX5Ie1BTL5rPSZ0O++pbiZCeYeythiZIdLEfkDiQPKIaWk5hDg=="
    },
    "vuetify": {
      "version": "2.3.1",
      "resolved": "https://registry.npmjs.org/vuetify/-/vuetify-2.3.1.tgz",
      "integrity": "sha512-UdWcoM3MzTD/+o/uH745i5EyK8CluAEQclB41iegHQZmklQQMyBPrIF6BcED9rjV9iFjqeUaIh616T5NqoYr+Q=="
    }
  }
}
